
Microsoft Visual Studio Solution File, Format Version 12.00
# Visual Studio 14
VisualStudioVersion = 14.0.25420.1
MinimumVisualStudioVersion = 10.0.40219.1
Project("{8BC9CEB8-8B4A-11D0-8D11-00A0C91BC942}") = "Test", "ConsoleApplication1\ConsoleApplication1.vcxproj", "{D5CCAFFC-5326-4FBD-8F43-E9055DD1904C}"
EndProject
Project("{8BC9CEB8-8B4A-11D0-8D11-00A0C91BC942}") = "variables", "..\variables\variables\variables.vcxproj", "{59D30738-B455-4856-9D69-F7EC1B98E7DC}"
EndProject
Project("{8BC9CEB8-8B4A-11D0-8D11-00A0C91BC942}") = "menus", "menus\menus.vcxproj", "{F56FC9C3-3CB5-4998-8706-74CB5C34AC19}"
EndProject
Project("{8BC9CEB8-8B4A-11D0-8D11-00A0C91BC942}") = "Boucles", "Boucles\Boucles.vcxproj", "{BFE4BB25-8D52-4C32-9A05-BD913CF231E3}"
EndProject
Project("{8BC9CEB8-8B4A-11D0-8D11-00A0C91BC942}") = "TP1", "TP1\TP1.vcxproj", "{87C146EF-DD80-459F-8472-FEE065EEDF9B}"
EndProject
Global
	GlobalSection(SolutionConfigurationPlatforms) = preSolution
		Debug|x64 = Debug|x64
		Debug|x86 = Debug|x86
		Release|x64 = Release|x64
		Release|x86 = Release|x86
	EndGlobalSection
	GlobalSection(ProjectConfigurationPlatforms) = postSolution
		{D5CCAFFC-5326-4FBD-8F43-E9055DD1904C}.Debug|x64.ActiveCfg = Debug|x64
		{D5CCAFFC-5326-4FBD-8F43-E9055DD1904C}.Debug|x64.Build.0 = Debug|x64
		{D5CCAFFC-5326-4FBD-8F43-E9055DD1904C}.Debug|x86.ActiveCfg = Debug|Win32
		{D5CCAFFC-5326-4FBD-8F43-E9055DD1904C}.Debug|x86.Build.0 = Debug|Win32
		{D5CCAFFC-5326-4FBD-8F43-E9055DD1904C}.Release|x64.ActiveCfg = Release|x64
		{D5CCAFFC-5326-4FBD-8F43-E9055DD1904C}.Release|x64.Build.0 = Release|x64
		{D5CCAFFC-5326-4FBD-8F43-E9055DD1904C}.Release|x86.ActiveCfg = Release|Win32
		{D5CCAFFC-5326-4FBD-8F43-E9055DD1904C}.Release|x86.Build.0 = Release|Win32
		{59D30738-B455-4856-9D69-F7EC1B98E7DC}.Debug|x64.ActiveCfg = Debug|x64
		{59D30738-B455-4856-9D69-F7EC1B98E7DC}.Debug|x64.Build.0 = Debug|x64
		{59D30738-B455-4856-9D69-F7EC1B98E7DC}.Debug|x86.ActiveCfg = Debug|Win32
		{59D30738-B455-4856-9D69-F7EC1B98E7DC}.Debug|x86.Build.0 = Debug|Win32
		{59D30738-B455-4856-9D69-F7EC1B98E7DC}.Release|x64.ActiveCfg = Release|x64
		{59D30738-B455-4856-9D69-F7EC1B98E7DC}.Release|x64.Build.0 = Release|x64
		{59D30738-B455-4856-9D69-F7EC1B98E7DC}.Release|x86.ActiveCfg = Release|Win32
		{59D30738-B455-4856-9D69-F7EC1B98E7DC}.Release|x86.Build.0 = Release|Win32
		{F56FC9C3-3CB5-4998-8706-74CB5C34AC19}.Debug|x64.ActiveCfg = Debug|x64
		{F56FC9C3-3CB5-4998-8706-74CB5C34AC19}.Debug|x64.Build.0 = Debug|x64
		{F56FC9C3-3CB5-4998-8706-74CB5C34AC19}.Debug|x86.ActiveCfg = Debug|Win32
		{F56FC9C3-3CB5-4998-8706-74CB5C34AC19}.Debug|x86.Build.0 = Debug|Win32
		{F56FC9C3-3CB5-4998-8706-74CB5C34AC19}.Release|x64.ActiveCfg = Release|x64
		{F56FC9C3-3CB5-4998-8706-74CB5C34AC19}.Release|x64.Build.0 = Release|x64
		{F56FC9C3-3CB5-4998-8706-74CB5C34AC19}.Release|x86.ActiveCfg = Release|Win32
		{F56FC9C3-3CB5-4998-8706-74CB5C34AC19}.Release|x86.Build.0 = Release|Win32
		{BFE4BB25-8D52-4C32-9A05-BD913CF231E3}.Debug|x64.ActiveCfg = Debug|x64
		{BFE4BB25-8D52-4C32-9A05-BD913CF231E3}.Debug|x64.Build.0 = Debug|x64
		{BFE4BB25-8D52-4C32-9A05-BD913CF231E3}.Debug|x86.ActiveCfg = Debug|Win32
		{BFE4BB25-8D52-4C32-9A05-BD913CF231E3}.Debug|x86.Build.0 = Debug|Win32
		{BFE4BB25-8D52-4C32-9A05-BD913CF231E3}.Release|x64.ActiveCfg = Release|x64
		{BFE4BB25-8D52-4C32-9A05-BD913CF231E3}.Release|x64.Build.0 = Release|x64
		{BFE4BB25-8D52-4C32-9A05-BD913CF231E3}.Release|x86.ActiveCfg = Release|Win32
		{BFE4BB25-8D52-4C32-9A05-BD913CF231E3}.Release|x86.Build.0 = Release|Win32
		{87C146EF-DD80-459F-8472-FEE065EEDF9B}.Debug|x64.ActiveCfg = Debug|x64
		{87C146EF-DD80-459F-8472-FEE065EEDF9B}.Debug|x64.Build.0 = Debug|x64
		{87C146EF-DD80-459F-8472-FEE065EEDF9B}.Debug|x86.ActiveCfg = Debug|Win32
		{87C146EF-DD80-459F-8472-FEE065EEDF9B}.Debug|x86.Build.0 = Debug|Win32
		{87C146EF-DD80-459F-8472-FEE065EEDF9B}.Release|x64.ActiveCfg = Release|x64
		{87C146EF-DD80-459F-8472-FEE065EEDF9B}.Release|x64.Build.0 = Release|x64
		{87C146EF-DD80-459F-8472-FEE065EEDF9B}.Release|x86.ActiveCfg = Release|Win32
		{87C146EF-DD80-459F-8472-FEE065EEDF9B}.Release|x86.Build.0 = Release|Win32
	EndGlobalSection
	GlobalSection(SolutionProperties) = preSolution
		HideSolutionNode = FALSE
	EndGlobalSection
EndGlobal
