
Microsoft Visual Studio Solution File, Format Version 12.00
# Visual Studio 14
VisualStudioVersion = 14.0.25420.1
MinimumVisualStudioVersion = 10.0.40219.1
Project("{8BC9CEB8-8B4A-11D0-8D11-00A0C91BC942}") = "1.0 Test", "ConsoleApplication1\ConsoleApplication1.vcxproj", "{D5CCAFFC-5326-4FBD-8F43-E9055DD1904C}"
EndProject
Project("{8BC9CEB8-8B4A-11D0-8D11-00A0C91BC942}") = "1.1 variables", "..\variables\variables\variables.vcxproj", "{59D30738-B455-4856-9D69-F7EC1B98E7DC}"
EndProject
Project("{8BC9CEB8-8B4A-11D0-8D11-00A0C91BC942}") = "1.2 menus", "menus\menus.vcxproj", "{F56FC9C3-3CB5-4998-8706-74CB5C34AC19}"
EndProject
Project("{8BC9CEB8-8B4A-11D0-8D11-00A0C91BC942}") = "1.3 Boucles", "Boucles\Boucles.vcxproj", "{BFE4BB25-8D52-4C32-9A05-BD913CF231E3}"
EndProject
Project("{8BC9CEB8-8B4A-11D0-8D11-00A0C91BC942}") = "1.4 TP1", "TP1\TP1.vcxproj", "{87C146EF-DD80-459F-8472-FEE065EEDF9B}"
EndProject
Project("{8BC9CEB8-8B4A-11D0-8D11-00A0C91BC942}") = "2.0 Pointeurs", "2.0 Pointeurs\2.0 Pointeurs.vcxproj", "{708EDD88-3F53-4C41-83DB-14D7AB80E8E7}"
EndProject
Project("{8BC9CEB8-8B4A-11D0-8D11-00A0C91BC942}") = "2.1 Tableaux", "2.1 Tableaux\2.1 Tableaux.vcxproj", "{9774B4DB-95D7-4DCD-A6E3-54D424E13490}"
EndProject
Global
	GlobalSection(SolutionConfigurationPlatforms) = preSolution
		Debug|x64 = Debug|x64
		Debug|x86 = Debug|x86
		Release|x64 = Release|x64
		Release|x86 = Release|x86
	EndGlobalSection
	GlobalSection(ProjectConfigurationPlatforms) = postSolution
		{D5CCAFFC-5326-4FBD-8F43-E9055DD1904C}.Debug|x64.ActiveCfg = Debug|x64
		{D5CCAFFC-5326-4FBD-8F43-E9055DD1904C}.Debug|x64.Build.0 = Debug|x64
		{D5CCAFFC-5326-4FBD-8F43-E9055DD1904C}.Debug|x86.ActiveCfg = Debug|Win32
		{D5CCAFFC-5326-4FBD-8F43-E9055DD1904C}.Debug|x86.Build.0 = Debug|Win32
		{D5CCAFFC-5326-4FBD-8F43-E9055DD1904C}.Release|x64.ActiveCfg = Release|x64
		{D5CCAFFC-5326-4FBD-8F43-E9055DD1904C}.Release|x64.Build.0 = Release|x64
		{D5CCAFFC-5326-4FBD-8F43-E9055DD1904C}.Release|x86.ActiveCfg = Release|Win32
		{D5CCAFFC-5326-4FBD-8F43-E9055DD1904C}.Release|x86.Build.0 = Release|Win32
		{59D30738-B455-4856-9D69-F7EC1B98E7DC}.Debug|x64.ActiveCfg = Debug|x64
		{59D30738-B455-4856-9D69-F7EC1B98E7DC}.Debug|x64.Build.0 = Debug|x64
		{59D30738-B455-4856-9D69-F7EC1B98E7DC}.Debug|x86.ActiveCfg = Debug|Win32
		{59D30738-B455-4856-9D69-F7EC1B98E7DC}.Debug|x86.Build.0 = Debug|Win32
		{59D30738-B455-4856-9D69-F7EC1B98E7DC}.Release|x64.ActiveCfg = Release|x64
		{59D30738-B455-4856-9D69-F7EC1B98E7DC}.Release|x64.Build.0 = Release|x64
		{59D30738-B455-4856-9D69-F7EC1B98E7DC}.Release|x86.ActiveCfg = Release|Win32
		{59D30738-B455-4856-9D69-F7EC1B98E7DC}.Release|x86.Build.0 = Release|Win32
		{F56FC9C3-3CB5-4998-8706-74CB5C34AC19}.Debug|x64.ActiveCfg = Debug|x64
		{F56FC9C3-3CB5-4998-8706-74CB5C34AC19}.Debug|x64.Build.0 = Debug|x64
		{F56FC9C3-3CB5-4998-8706-74CB5C34AC19}.Debug|x86.ActiveCfg = Debug|Win32
		{F56FC9C3-3CB5-4998-8706-74CB5C34AC19}.Debug|x86.Build.0 = Debug|Win32
		{F56FC9C3-3CB5-4998-8706-74CB5C34AC19}.Release|x64.ActiveCfg = Release|x64
		{F56FC9C3-3CB5-4998-8706-74CB5C34AC19}.Release|x64.Build.0 = Release|x64
		{F56FC9C3-3CB5-4998-8706-74CB5C34AC19}.Release|x86.ActiveCfg = Release|Win32
		{F56FC9C3-3CB5-4998-8706-74CB5C34AC19}.Release|x86.Build.0 = Release|Win32
		{BFE4BB25-8D52-4C32-9A05-BD913CF231E3}.Debug|x64.ActiveCfg = Debug|x64
		{BFE4BB25-8D52-4C32-9A05-BD913CF231E3}.Debug|x64.Build.0 = Debug|x64
		{BFE4BB25-8D52-4C32-9A05-BD913CF231E3}.Debug|x86.ActiveCfg = Debug|Win32
		{BFE4BB25-8D52-4C32-9A05-BD913CF231E3}.Debug|x86.Build.0 = Debug|Win32
		{BFE4BB25-8D52-4C32-9A05-BD913CF231E3}.Release|x64.ActiveCfg = Release|x64
		{BFE4BB25-8D52-4C32-9A05-BD913CF231E3}.Release|x64.Build.0 = Release|x64
		{BFE4BB25-8D52-4C32-9A05-BD913CF231E3}.Release|x86.ActiveCfg = Release|Win32
		{BFE4BB25-8D52-4C32-9A05-BD913CF231E3}.Release|x86.Build.0 = Release|Win32
		{87C146EF-DD80-459F-8472-FEE065EEDF9B}.Debug|x64.ActiveCfg = Debug|x64
		{87C146EF-DD80-459F-8472-FEE065EEDF9B}.Debug|x64.Build.0 = Debug|x64
		{87C146EF-DD80-459F-8472-FEE065EEDF9B}.Debug|x86.ActiveCfg = Debug|Win32
		{87C146EF-DD80-459F-8472-FEE065EEDF9B}.Debug|x86.Build.0 = Debug|Win32
		{87C146EF-DD80-459F-8472-FEE065EEDF9B}.Release|x64.ActiveCfg = Release|x64
		{87C146EF-DD80-459F-8472-FEE065EEDF9B}.Release|x64.Build.0 = Release|x64
		{87C146EF-DD80-459F-8472-FEE065EEDF9B}.Release|x86.ActiveCfg = Release|Win32
		{87C146EF-DD80-459F-8472-FEE065EEDF9B}.Release|x86.Build.0 = Release|Win32
		{708EDD88-3F53-4C41-83DB-14D7AB80E8E7}.Debug|x64.ActiveCfg = Debug|x64
		{708EDD88-3F53-4C41-83DB-14D7AB80E8E7}.Debug|x64.Build.0 = Debug|x64
		{708EDD88-3F53-4C41-83DB-14D7AB80E8E7}.Debug|x86.ActiveCfg = Debug|Win32
		{708EDD88-3F53-4C41-83DB-14D7AB80E8E7}.Debug|x86.Build.0 = Debug|Win32
		{708EDD88-3F53-4C41-83DB-14D7AB80E8E7}.Release|x64.ActiveCfg = Release|x64
		{708EDD88-3F53-4C41-83DB-14D7AB80E8E7}.Release|x64.Build.0 = Release|x64
		{708EDD88-3F53-4C41-83DB-14D7AB80E8E7}.Release|x86.ActiveCfg = Release|Win32
		{708EDD88-3F53-4C41-83DB-14D7AB80E8E7}.Release|x86.Build.0 = Release|Win32
		{9774B4DB-95D7-4DCD-A6E3-54D424E13490}.Debug|x64.ActiveCfg = Debug|x64
		{9774B4DB-95D7-4DCD-A6E3-54D424E13490}.Debug|x64.Build.0 = Debug|x64
		{9774B4DB-95D7-4DCD-A6E3-54D424E13490}.Debug|x86.ActiveCfg = Debug|Win32
		{9774B4DB-95D7-4DCD-A6E3-54D424E13490}.Debug|x86.Build.0 = Debug|Win32
		{9774B4DB-95D7-4DCD-A6E3-54D424E13490}.Release|x64.ActiveCfg = Release|x64
		{9774B4DB-95D7-4DCD-A6E3-54D424E13490}.Release|x64.Build.0 = Release|x64
		{9774B4DB-95D7-4DCD-A6E3-54D424E13490}.Release|x86.ActiveCfg = Release|Win32
		{9774B4DB-95D7-4DCD-A6E3-54D424E13490}.Release|x86.Build.0 = Release|Win32
	EndGlobalSection
	GlobalSection(SolutionProperties) = preSolution
		HideSolutionNode = FALSE
	EndGlobalSection
EndGlobal
